github.com/reiver/go-ascii v0.0.0-20240302002050-442843e5ea02 h1:YviUVCHZw6gaxvLznXQTXp7LwaWzly80TXUsWxwPPi4=
github.com/reiver/go-ascii v0.0.0-20240302002050-442843e5ea02/go.mod h1:f43/Y1zpLvqorZN0BelarPzO2GrotAQrBy3T08NUSTM=
sourcecode.social/reiver/go-erorr v0.0.0-20230922202459-231149d185a1 h1:wpnz4JicQBLWrgGphYBls7DysIFCcnWgDz/vce/sY8E=
sourcecode.social/reiver/go-erorr v0.0.0-20230922202459-231149d185a1/go.mod h1:NFtd7fzEf0r6A6R7JXYZfayRhPaJy0zt/18VWoLzrxA=
sourcecode.social/reiver/go-opt v0.0.0-20240224175000-afc1a40c4b67 h1:LU315YjZxmPvedaRZeNtZ+9A2tZIoWv/EWjU1h27FvE=
sourcecode.social/reiver/go-opt v0.0.0-20240224175000-afc1a40c4b67/go.mod h1:O6WKM2UcKkheRT/dA6A2b1tW0m+WenSbxdcXE+idxzI=
